
Microsoft Visual Studio Solution File, Format Version 12.00
# Visual Studio 15
VisualStudioVersion = 15.0.27703.2042
MinimumVisualStudioVersion = 10.0.40219.1
Project("{FAE04EC0-301F-11D3-BF4B-00C04F79EFBC}") = "ECommerce.UI", "ECommerce.UI\ECommerce.UI.csproj", "{D3F36325-3B8E-49DD-9B16-0B5473DAAEEF}"
EndProject
Project("{FAE04EC0-301F-11D3-BF4B-00C04F79EFBC}") = "ECommerce.AppContext", "ECommerce.AppContext\ECommerce.AppContext.csproj", "{7DB25FE5-29D9-4731-8B4C-6594C6CD585C}"
EndProject
Project("{2150E333-8FDC-42A3-9474-1A3956D46DE8}") = "EF", "EF", "{43AA78DC-F924-4FA6-9259-5F8522CD6E8E}"
EndProject
Project("{FAE04EC0-301F-11D3-BF4B-00C04F79EFBC}") = "ECommerce.Domain", "ECommerce.Domain\ECommerce.Domain.csproj", "{2A2EE904-B00C-46D1-A01F-FBD7C491FD37}"
EndProject
Project("{FAE04EC0-301F-11D3-BF4B-00C04F79EFBC}") = "ECommerce.Entities", "ECommerce.Entities\ECommerce.Entities.csproj", "{6B0172C4-663F-463C-9F08-79B8A0C8BC9D}"
EndProject
Project("{FAE04EC0-301F-11D3-BF4B-00C04F79EFBC}") = "ECommerce.Repositories", "ECommerce.Repositories\ECommerce.Repositories.csproj", "{6968E66B-3909-4A09-9FD6-CFD9C9B77018}"
EndProject
Project("{FAE04EC0-301F-11D3-BF4B-00C04F79EFBC}") = "ECommerce.BLL", "ECommerce.BLL\ECommerce.BLL.csproj", "{62F2C04B-5163-4C0D-AB90-4DDA79744287}"
EndProject
Global
	GlobalSection(SolutionConfigurationPlatforms) = preSolution
		Debug|Any CPU = Debug|Any CPU
		Release|Any CPU = Release|Any CPU
	EndGlobalSection
	GlobalSection(ProjectConfigurationPlatforms) = postSolution
		{D3F36325-3B8E-49DD-9B16-0B5473DAAEEF}.Debug|Any CPU.ActiveCfg = Debug|Any CPU
		{D3F36325-3B8E-49DD-9B16-0B5473DAAEEF}.Debug|Any CPU.Build.0 = Debug|Any CPU
		{D3F36325-3B8E-49DD-9B16-0B5473DAAEEF}.Release|Any CPU.ActiveCfg = Release|Any CPU
		{D3F36325-3B8E-49DD-9B16-0B5473DAAEEF}.Release|Any CPU.Build.0 = Release|Any CPU
		{7DB25FE5-29D9-4731-8B4C-6594C6CD585C}.Debug|Any CPU.ActiveCfg = Debug|Any CPU
		{7DB25FE5-29D9-4731-8B4C-6594C6CD585C}.Debug|Any CPU.Build.0 = Debug|Any CPU
		{7DB25FE5-29D9-4731-8B4C-6594C6CD585C}.Release|Any CPU.ActiveCfg = Release|Any CPU
		{7DB25FE5-29D9-4731-8B4C-6594C6CD585C}.Release|Any CPU.Build.0 = Release|Any CPU
		{2A2EE904-B00C-46D1-A01F-FBD7C491FD37}.Debug|Any CPU.ActiveCfg = Debug|Any CPU
		{2A2EE904-B00C-46D1-A01F-FBD7C491FD37}.Debug|Any CPU.Build.0 = Debug|Any CPU
		{2A2EE904-B00C-46D1-A01F-FBD7C491FD37}.Release|Any CPU.ActiveCfg = Release|Any CPU
		{2A2EE904-B00C-46D1-A01F-FBD7C491FD37}.Release|Any CPU.Build.0 = Release|Any CPU
		{6B0172C4-663F-463C-9F08-79B8A0C8BC9D}.Debug|Any CPU.ActiveCfg = Debug|Any CPU
		{6B0172C4-663F-463C-9F08-79B8A0C8BC9D}.Debug|Any CPU.Build.0 = Debug|Any CPU
		{6B0172C4-663F-463C-9F08-79B8A0C8BC9D}.Release|Any CPU.ActiveCfg = Release|Any CPU
		{6B0172C4-663F-463C-9F08-79B8A0C8BC9D}.Release|Any CPU.Build.0 = Release|Any CPU
		{6968E66B-3909-4A09-9FD6-CFD9C9B77018}.Debug|Any CPU.ActiveCfg = Debug|Any CPU
		{6968E66B-3909-4A09-9FD6-CFD9C9B77018}.Debug|Any CPU.Build.0 = Debug|Any CPU
		{6968E66B-3909-4A09-9FD6-CFD9C9B77018}.Release|Any CPU.ActiveCfg = Release|Any CPU
		{6968E66B-3909-4A09-9FD6-CFD9C9B77018}.Release|Any CPU.Build.0 = Release|Any CPU
		{62F2C04B-5163-4C0D-AB90-4DDA79744287}.Debug|Any CPU.ActiveCfg = Debug|Any CPU
		{62F2C04B-5163-4C0D-AB90-4DDA79744287}.Debug|Any CPU.Build.0 = Debug|Any CPU
		{62F2C04B-5163-4C0D-AB90-4DDA79744287}.Release|Any CPU.ActiveCfg = Release|Any CPU
		{62F2C04B-5163-4C0D-AB90-4DDA79744287}.Release|Any CPU.Build.0 = Release|Any CPU
	EndGlobalSection
	GlobalSection(SolutionProperties) = preSolution
		HideSolutionNode = FALSE
	EndGlobalSection
	GlobalSection(NestedProjects) = preSolution
		{7DB25FE5-29D9-4731-8B4C-6594C6CD585C} = {43AA78DC-F924-4FA6-9259-5F8522CD6E8E}
		{2A2EE904-B00C-46D1-A01F-FBD7C491FD37} = {43AA78DC-F924-4FA6-9259-5F8522CD6E8E}
		{6B0172C4-663F-463C-9F08-79B8A0C8BC9D} = {43AA78DC-F924-4FA6-9259-5F8522CD6E8E}
		{6968E66B-3909-4A09-9FD6-CFD9C9B77018} = {43AA78DC-F924-4FA6-9259-5F8522CD6E8E}
	EndGlobalSection
	GlobalSection(ExtensibilityGlobals) = postSolution
		SolutionGuid = {89C77675-A5A8-4CEC-AE63-5B1C9FC9B5FD}
	EndGlobalSection
EndGlobal
